// !$*UTF8*$!
{
	archiveVersion = 1;
	classes = {
	};
	objectVersion = 48;
	objects = {

/* Begin PBXBuildFile section */
		2A23FE3320D023AE00EDC649 /* AppDelegate.swift in Sources */ = {isa = PBXBuildFile; fileRef = 2A23FE3220D023AE00EDC649 /* AppDelegate.swift */; };
		2A23FE3520D023AE00EDC649 /* ViewController.swift in Sources */ = {isa = PBXBuildFile; fileRef = 2A23FE3420D023AE00EDC649 /* ViewController.swift */; };
		2A23FE3820D023AE00EDC649 /* Main.storyboard in Resources */ = {isa = PBXBuildFile; fileRef = 2A23FE3620D023AE00EDC649 /* Main.storyboard */; };
		2A23FE3A20D023AE00EDC649 /* Assets.xcassets in Resources */ = {isa = PBXBuildFile; fileRef = 2A23FE3920D023AE00EDC649 /* Assets.xcassets */; };
		2A23FE3D20D023AE00EDC649 /* LaunchScreen.storyboard in Resources */ = {isa = PBXBuildFile; fileRef = 2A23FE3B20D023AE00EDC649 /* LaunchScreen.storyboard */; };
		2A23FE4820D023AE00EDC649 /* testTests.swift in Sources */ = {isa = PBXBuildFile; fileRef = 2A23FE4720D023AE00EDC649 /* testTests.swift */; };
		2A23FE5320D023AE00EDC649 /* testUITests.swift in Sources */ = {isa = PBXBuildFile; fileRef = 2A23FE5220D023AE00EDC649 /* testUITests.swift */; };
/* End PBXBuildFile section */

/* Begin PBXContainerItemProxy section */
		2A23FE4420D023AE00EDC649 /* PBXContainerItemProxy */ = {
			isa = PBXContainerItemProxy;
			containerPortal = 2A23FE2720D023AE00EDC649 /* Project object */;
			proxyType = 1;
			remoteGlobalIDString = 2A23FE2E20D023AE00EDC649;
			remoteInfo = test;
		};
		2A23FE4F20D023AE00EDC649 /* PBXContainerItemProxy */ = {
			isa = PBXContainerItemProxy;
			containerPortal = 2A23FE2720D023AE00EDC649 /* Project object */;
			proxyType = 1;
			remoteGlobalIDString = 2A23FE2E20D023AE00EDC649;
			remoteInfo = test;
		};
/* End PBXContainerItemProxy section */

/* Begin PBXFileReference section */
		2A23FE2F20D023AE00EDC649 /* test.app */ = {isa = PBXFileReference; explicitFileType = wrapper.application; includeInIndex = 0; path = test.app; sourceTree = BUILT_PRODUCTS_DIR; };
		2A23FE3220D023AE00EDC649 /* AppDelegate.swift */ = {isa = PBXFileReference; lastKnownFileType = sourcecode.swift; path = AppDelegate.swift; sourceTree = "<group>"; };
		2A23FE3420D023AE00EDC649 /* ViewController.swift */ = {isa = PBXFileReference; lastKnownFileType = sourcecode.swift; path = ViewController.swift; sourceTree = "<group>"; };
		2A23FE3720D023AE00EDC649 /* Base */ = {isa = PBXFileReference; lastKnownFileType = file.storyboard; name = Base; path = Base.lproj/Main.storyboard; sourceTree = "<group>"; };
		2A23FE3920D023AE00EDC649 /* Assets.xcassets */ = {isa = PBXFileReference; lastKnownFileType = folder.assetcatalog; path = Assets.xcassets; sourceTree = "<group>"; };
		2A23FE3C20D023AE00EDC649 /* Base */ = {isa = PBXFileReference; lastKnownFileType = file.storyboard; name = Base; path = Base.lproj/LaunchScreen.storyboard; sourceTree = "<group>"; };
		2A23FE3E20D023AE00EDC649 /* Info.plist */ = {isa = PBXFileReference; lastKnownFileType = text.plist.xml; path = Info.plist; sourceTree = "<group>"; };
		2A23FE4320D023AE00EDC649 /* testTests.xctest */ = {isa = PBXFileReference; explicitFileType = wrapper.cfbundle; includeInIndex = 0; path = testTests.xctest; sourceTree = BUILT_PRODUCTS_DIR; };
		2A23FE4720D023AE00EDC649 /* testTests.swift */ = {isa = PBXFileReference; lastKnownFileType = sourcecode.swift; path = testTests.swift; sourceTree = "<group>"; };
		2A23FE4920D023AE00EDC649 /* Info.plist */ = {isa = PBXFileReference; lastKnownFileType = text.plist.xml; path = Info.plist; sourceTree = "<group>"; };
		2A23FE4E20D023AE00EDC649 /* testUITests.xctest */ = {isa = PBXFileReference; explicitFileType = wrapper.cfbundle; includeInIndex = 0; path = testUITests.xctest; sourceTree = BUILT_PRODUCTS_DIR; };
		2A23FE5220D023AE00EDC649 /* testUITests.swift */ = {isa = PBXFileReference; lastKnownFileType = sourcecode.swift; path = testUITests.swift; sourceTree = "<group>"; };
		2A23FE5420D023AE00EDC649 /* Info.plist */ = {isa = PBXFileReference; lastKnownFileType = text.plist.xml; path = Info.plist; sourceTree = "<group>"; };
/* End PBXFileReference section */

/* Begin PBXFrameworksBuildPhase section */
		2A23FE2C20D023AE00EDC649 /* Frameworks */ = {
			isa = PBXFrameworksBuildPhase;
			buildActionMask = 2147483647;
			files = (
			);
			runOnlyForDeploymentPostprocessing = 0;
		};
		2A23FE4020D023AE00EDC649 /* Frameworks */ = {
			isa = PBXFrameworksBuildPhase;
			buildActionMask = 2147483647;
			files = (
			);
			runOnlyForDeploymentPostprocessing = 0;
		};
		2A23FE4B20D023AE00EDC649 /* Frameworks */ = {
			isa = PBXFrameworksBuildPhase;
			buildActionMask = 2147483647;
			files = (
			);
			runOnlyForDeploymentPostprocessing = 0;
		};
/* End PBXFrameworksBuildPhase section */

/* Begin PBXGroup section */
		2A23FE2620D023AE00EDC649 = {
			isa = PBXGroup;
			children = (
				2A23FE3120D023AE00EDC649 /* test */,
				2A23FE4620D023AE00EDC649 /* testTests */,
				2A23FE5120D023AE00EDC649 /* testUITests */,
				2A23FE3020D023AE00EDC649 /* Products */,
			);
			sourceTree = "<group>";
		};
		2A23FE3020D023AE00EDC649 /* Products */ = {
			isa = PBXGroup;
			children = (
				2A23FE2F20D023AE00EDC649 /* test.app */,
				2A23FE4320D023AE00EDC649 /* testTests.xctest */,
				2A23FE4E20D023AE00EDC649 /* testUITests.xctest */,
			);
			name = Products;
			sourceTree = "<group>";
		};
		2A23FE3120D023AE00EDC649 /* test */ = {
			isa = PBXGroup;
			children = (
				2A23FE3220D023AE00EDC649 /* AppDelegate.swift */,
				2A23FE3420D023AE00EDC649 /* ViewController.swift */,
				2A23FE3620D023AE00EDC649 /* Main.storyboard */,
				2A23FE3920D023AE00EDC649 /* Assets.xcassets */,
				2A23FE3B20D023AE00EDC649 /* LaunchScreen.storyboard */,
				2A23FE3E20D023AE00EDC649 /* Info.plist */,
			);
			path = test;
			sourceTree = "<group>";
		};
		2A23FE4620D023AE00EDC649 /* testTests */ = {
			isa = PBXGroup;
			children = (
				2A23FE4720D023AE00EDC649 /* testTests.swift */,
				2A23FE4920D023AE00EDC649 /* Info.plist */,
			);
			path = testTests;
			sourceTree = "<group>";
		};
		2A23FE5120D023AE00EDC649 /* testUITests */ = {
			isa = PBXGroup;
			children = (
				2A23FE5220D023AE00EDC649 /* testUITests.swift */,
				2A23FE5420D023AE00EDC649 /* Info.plist */,
			);
			path = testUITests;
			sourceTree = "<group>";
		};
/* End PBXGroup section */

/* Begin PBXNativeTarget section */
		2A23FE2E20D023AE00EDC649 /* test */ = {
			isa = PBXNativeTarget;
			buildConfigurationList = 2A23FE5720D023AE00EDC649 /* Build configuration list for PBXNativeTarget "test" */;
			buildPhases = (
				2A23FE2B20D023AE00EDC649 /* Sources */,
				2A23FE2C20D023AE00EDC649 /* Frameworks */,
				2A23FE2D20D023AE00EDC649 /* Resources */,
			);
			buildRules = (
			);
			dependencies = (
			);
			name = test;
			productName = test;
			productReference = 2A23FE2F20D023AE00EDC649 /* test.app */;
			productType = "com.apple.product-type.application";
		};
		2A23FE4220D023AE00EDC649 /* testTests */ = {
			isa = PBXNativeTarget;
			buildConfigurationList = 2A23FE5A20D023AE00EDC649 /* Build configuration list for PBXNativeTarget "testTests" */;
			buildPhases = (
				2A23FE3F20D023AE00EDC649 /* Sources */,
				2A23FE4020D023AE00EDC649 /* Frameworks */,
				2A23FE4120D023AE00EDC649 /* Resources */,
			);
			buildRules = (
			);
			dependencies = (
				2A23FE4520D023AE00EDC649 /* PBXTargetDependency */,
			);
			name = testTests;
			productName = testTests;
			productReference = 2A23FE4320D023AE00EDC649 /* testTests.xctest */;
			productType = "com.apple.product-type.bundle.unit-test";
		};
		2A23FE4D20D023AE00EDC649 /* testUITests */ = {
			isa = PBXNativeTarget;
			buildConfigurationList = 2A23FE5D20D023AE00EDC649 /* Build configuration list for PBXNativeTarget "testUITests" */;
			buildPhases = (
				2A23FE4A20D023AE00EDC649 /* Sources */,
				2A23FE4B20D023AE00EDC649 /* Frameworks */,
				2A23FE4C20D023AE00EDC649 /* Resources */,
			);
			buildRules = (
			);
			dependencies = (
				2A23FE5020D023AE00EDC649 /* PBXTargetDependency */,
			);
			name = testUITests;
			productName = testUITests;
			productReference = 2A23FE4E20D023AE00EDC649 /* testUITests.xctest */;
			productType = "com.apple.product-type.bundle.ui-testing";
		};
/* End PBXNativeTarget section */

/* Begin PBXProject section */
		2A23FE2720D023AE00EDC649 /* Project object */ = {
			isa = PBXProject;
			attributes = {
				LastSwiftUpdateCheck = 0920;
				LastUpgradeCheck = 0920;
				ORGANIZATIONNAME = "唐豪俊";
				TargetAttributes = {
					2A23FE2E20D023AE00EDC649 = {
						CreatedOnToolsVersion = 9.2;
						ProvisioningStyle = Automatic;
					};
					2A23FE4220D023AE00EDC649 = {
						CreatedOnToolsVersion = 9.2;
						ProvisioningStyle = Automatic;
						TestTargetID = 2A23FE2E20D023AE00EDC649;
					};
					2A23FE4D20D023AE00EDC649 = {
						CreatedOnToolsVersion = 9.2;
						ProvisioningStyle = Automatic;
						TestTargetID = 2A23FE2E20D023AE00EDC649;
					};
				};
			};
			buildConfigurationList = 2A23FE2A20D023AE00EDC649 /* Build configuration list for PBXProject "test" */;
			compatibilityVersion = "Xcode 8.0";
			developmentRegion = en;
			hasScannedForEncodings = 0;
			knownRegions = (
				en,
				Base,
			);
			mainGroup = 2A23FE2620D023AE00EDC649;
			productRefGroup = 2A23FE3020D023AE00EDC649 /* Products */;
			projectDirPath = "";
			projectRoot = "";
			targets = (
				2A23FE2E20D023AE00EDC649 /* test */,
				2A23FE4220D023AE00EDC649 /* testTests */,
				2A23FE4D20D023AE00EDC649 /* testUITests */,
			);
		};
/* End PBXProject section */

/* Begin PBXResourcesBuildPhase section */
		2A23FE2D20D023AE00EDC649 /* Resources */ = {
			isa = PBXResourcesBuildPhase;
			buildActionMask = 2147483647;
			files = (
				2A23FE3D20D023AE00EDC649 /* LaunchScreen.storyboard in Resources */,
				2A23FE3A20D023AE00EDC649 /* Assets.xcassets in Resources */,
				2A23FE3820D023AE00EDC649 /* Main.storyboard in Resources */,
			);
			runOnlyForDeploymentPostprocessing = 0;
		};
		2A23FE4120D023AE00EDC649 /* Resources */ = {
			isa = PBXResourcesBuildPhase;
			buildActionMask = 2147483647;
			files = (
			);
			runOnlyForDeploymentPostprocessing = 0;
		};
		2A23FE4C20D023AE00EDC649 /* Resources */ = {
			isa = PBXResourcesBuildPhase;
			buildActionMask = 2147483647;
			files = (
			);
			runOnlyForDeploymentPostprocessing = 0;
		};
/* End PBXResourcesBuildPhase section */

/* Begin PBXSourcesBuildPhase section */
		2A23FE2B20D023AE00EDC649 /* Sources */ = {
			isa = PBXSourcesBuildPhase;
			buildActionMask = 2147483647;
			files = (
				2A23FE3520D023AE00EDC649 /* ViewController.swift in Sources */,
				2A23FE3320D023AE00EDC649 /* AppDelegate.swift in Sources */,
			);
			runOnlyForDeploymentPostprocessing = 0;
		};
		2A23FE3F20D023AE00EDC649 /* Sources */ = {
			isa = PBXSourcesBuildPhase;
			buildActionMask = 2147483647;
			files = (
				2A23FE4820D023AE00EDC649 /* testTests.swift in Sources */,
			);
			runOnlyForDeploymentPostprocessing = 0;
		};
		2A23FE4A20D023AE00EDC649 /* Sources */ = {
			isa = PBXSourcesBuildPhase;
			buildActionMask = 2147483647;
			files = (
				2A23FE5320D023AE00EDC649 /* testUITests.swift in Sources */,
			);
			runOnlyForDeploymentPostprocessing = 0;
		};
/* End PBXSourcesBuildPhase section */

/* Begin PBXTargetDependency section */
		2A23FE4520D023AE00EDC649 /* PBXTargetDependency */ = {
			isa = PBXTargetDependency;
			target = 2A23FE2E20D023AE00EDC649 /* test */;
			targetProxy = 2A23FE4420D023AE00EDC649 /* PBXContainerItemProxy */;
		};
		2A23FE5020D023AE00EDC649 /* PBXTargetDependency */ = {
			isa = PBXTargetDependency;
			target = 2A23FE2E20D023AE00EDC649 /* test */;
			targetProxy = 2A23FE4F20D023AE00EDC649 /* PBXContainerItemProxy */;
		};
/* End PBXTargetDependency section */

/* Begin PBXVariantGroup section */
		2A23FE3620D023AE00EDC649 /* Main.storyboard */ = {
			isa = PBXVariantGroup;
			children = (
				2A23FE3720D023AE00EDC649 /* Base */,
			);
			name = Main.storyboard;
			sourceTree = "<group>";
		};
		2A23FE3B20D023AE00EDC649 /* LaunchScreen.storyboard */ = {
			isa = PBXVariantGroup;
			children = (
				2A23FE3C20D023AE00EDC649 /* Base */,
			);
			name = LaunchScreen.storyboard;
			sourceTree = "<group>";
		};
/* End PBXVariantGroup section */

/* Begin XCBuildConfiguration section */
		2A23FE5520D023AE00EDC649 /* Debug */ = {
			isa = XCBuildConfiguration;
			buildSettings = {
				ALWAYS_SEARCH_USER_PATHS = NO;
				CLANG_ANALYZER_NONNULL = YES;
				CLANG_ANALYZER_NUMBER_OBJECT_CONVERSION = YES_AGGRESSIVE;
				CLANG_CXX_LANGUAGE_STANDARD = "gnu++14";
				CLANG_CXX_LIBRARY = "libc++";
				CLANG_ENABLE_MODULES = YES;
				CLANG_ENABLE_OBJC_ARC = YES;
				CLANG_WARN_BLOCK_CAPTURE_AUTORELEASING = YES;
				CLANG_WARN_BOOL_CONVERSION = YES;
				CLANG_WARN_COMMA = YES;
				CLANG_WARN_CONSTANT_CONVERSION = YES;
				CLANG_WARN_DIRECT_OBJC_ISA_USAGE = YES_ERROR;
				CLANG_WARN_DOCUMENTATION_COMMENTS = YES;
				CLANG_WARN_EMPTY_BODY = YES;
				CLANG_WARN_ENUM_CONVERSION = YES;
				CLANG_WARN_INFINITE_RECURSION = YES;
				CLANG_WARN_INT_CONVERSION = YES;
				CLANG_WARN_NON_LITERAL_NULL_CONVERSION = YES;
				CLANG_WARN_OBJC_LITERAL_CONVERSION = YES;
				CLANG_WARN_OBJC_ROOT_CLASS = YES_ERROR;
				CLANG_WARN_RANGE_LOOP_ANALYSIS = YES;
				CLANG_WARN_STRICT_PROTOTYPES = YES;
				CLANG_WARN_SUSPICIOUS_MOVE = YES;
				CLANG_WARN_UNGUARDED_AVAILABILITY = YES_AGGRESSIVE;
				CLANG_WARN_UNREACHABLE_CODE = YES;
				CLANG_WARN__DUPLICATE_METHOD_MATCH = YES;
				CODE_SIGN_IDENTITY = "iPhone Developer";
				COPY_PHASE_STRIP = NO;
				DEBUG_INFORMATION_FORMAT = dwarf;
				ENABLE_STRICT_OBJC_MSGSEND = YES;
				ENABLE_TESTABILITY = YES;
				GCC_C_LANGUAGE_STANDARD = gnu11;
				GCC_DYNAMIC_NO_PIC = NO;
				GCC_NO_COMMON_BLOCKS = YES;
				GCC_OPTIMIZATION_LEVEL = 0;
				GCC_PREPROCESSOR_DEFINITIONS = (
					"DEBUG=1",
					"$(inherited)",
				);
				GCC_WARN_64_TO_32_BIT_CONVERSION = YES;
				GCC_WARN_ABOUT_RETURN_TYPE = YES_ERROR;
				GCC_WARN_UNDECLARED_SELECTOR = YES;
				GCC_WARN_UNINITIALIZED_AUTOS = YES_AGGRESSIVE;
				GCC_WARN_UNUSED_FUNCTION = YES;
				GCC_WARN_UNUSED_VARIABLE = YES;
				IPHONEOS_DEPLOYMENT_TARGET = 11.2;
				MTL_ENABLE_DEBUG_INFO = YES;
				ONLY_ACTIVE_ARCH = YES;
				SDKROOT = iphoneos;
				SWIFT_ACTIVE_COMPILATION_CONDITIONS = DEBUG;
				SWIFT_OPTIMIZATION_LEVEL = "-Onone";
			};
			name = Debug;
		};
		2A23FE5620D023AE00EDC649 /* Release */ = {
			isa = XCBuildConfiguration;
			buildSettings = {
				ALWAYS_SEARCH_USER_PATHS = NO;
				CLANG_ANALYZER_NONNULL = YES;
				CLANG_ANALYZER_NUMBER_OBJECT_CONVERSION = YES_AGGRESSIVE;
				CLANG_CXX_LANGUAGE_STANDARD = "gnu++14";
				CLANG_CXX_LIBRARY = "libc++";
				CLANG_ENABLE_MODULES = YES;
				CLANG_ENABLE_OBJC_ARC = YES;
				CLANG_WARN_BLOCK_CAPTURE_AUTORELEASING = YES;
				CLANG_WARN_BOOL_CONVERSION = YES;
				CLANG_WARN_COMMA = YES;
				CLANG_WARN_CONSTANT_CONVERSION = YES;
				CLANG_WARN_DIRECT_OBJC_ISA_USAGE = YES_ERROR;
				CLANG_WARN_DOCUMENTATION_COMMENTS = YES;
				CLANG_WARN_EMPTY_BODY = YES;
				CLANG_WARN_ENUM_CONVERSION = YES;
				CLANG_WARN_INFINITE_RECURSION = YES;
				CLANG_WARN_INT_CONVERSION = YES;
				CLANG_WARN_NON_LITERAL_NULL_CONVERSION = YES;
				CLANG_WARN_OBJC_LITERAL_CONVERSION = YES;
				CLANG_WARN_OBJC_ROOT_CLASS = YES_ERROR;
				CLANG_WARN_RANGE_LOOP_ANALYSIS = YES;
				CLANG_WARN_STRICT_PROTOTYPES = YES;
				CLANG_WARN_SUSPICIOUS_MOVE = YES;
				CLANG_WARN_UNGUARDED_AVAILABILITY = YES_AGGRESSIVE;
				CLANG_WARN_UNREACHABLE_CODE = YES;
				CLANG_WARN__DUPLICATE_METHOD_MATCH = YES;
				CODE_SIGN_IDENTITY = "iPhone Developer";
				COPY_PHASE_STRIP = NO;
				DEBUG_INFORMATION_FORMAT = "dwarf-with-dsym";
				ENABLE_NS_ASSERTIONS = NO;
				ENABLE_STRICT_OBJC_MSGSEND = YES;
				GCC_C_LANGUAGE_STANDARD = gnu11;
				GCC_NO_COMMON_BLOCKS = YES;
				GCC_WARN_64_TO_32_BIT_CONVERSION = YES;
				GCC_WARN_ABOUT_RETURN_TYPE = YES_ERROR;
				GCC_WARN_UNDECLARED_SELECTOR = YES;
				GCC_WARN_UNINITIALIZED_AUTOS = YES_AGGRESSIVE;
				GCC_WARN_UNUSED_FUNCTION = YES;
				GCC_WARN_UNUSED_VARIABLE = YES;
				IPHONEOS_DEPLOYMENT_TARGET = 11.2;
				MTL_ENABLE_DEBUG_INFO = NO;
				SDKROOT = iphoneos;
				SWIFT_OPTIMIZATION_LEVEL = "-Owholemodule";
				VALIDATE_PRODUCT = YES;
			};
			name = Release;
		};
		2A23FE5820D023AE00EDC649 /* Debug */ = {
			isa = XCBuildConfiguration;
			buildSettings = {
				ASSETCATALOG_COMPILER_APPICON_NAME = AppIcon;
				CODE_SIGN_STYLE = Automatic;
				DEVELOPMENT_TEAM = 749K4P2RT3;
				INFOPLIST_FILE = test/Info.plist;
				LD_RUNPATH_SEARCH_PATHS = "$(inherited) @executable_path/Frameworks";
				PRODUCT_BUNDLE_IDENTIFIER = test.test;
				PRODUCT_NAME = "$(TARGET_NAME)";
				SWIFT_VERSION = 4.0;
				TARGETED_DEVICE_FAMILY = "1,2";
			};
			name = Debug;
		};
		2A23FE5920D023AE00EDC649 /* Release */ = {
			isa = XCBuildConfiguration;
			buildSettings = {
				ASSETCATALOG_COMPILER_APPICON_NAME = AppIcon;
				CODE_SIGN_STYLE = Automatic;
				DEVELOPMENT_TEAM = 749K4P2RT3;
				INFOPLIST_FILE = test/Info.plist;
				LD_RUNPATH_SEARCH_PATHS = "$(inherited) @executable_path/Frameworks";
				PRODUCT_BUNDLE_IDENTIFIER = test.test;
				PRODUCT_NAME = "$(TARGET_NAME)";
				SWIFT_VERSION = 4.0;
				TARGETED_DEVICE_FAMILY = "1,2";
			};
			name = Release;
		};
		2A23FE5B20D023AE00EDC649 /* Debug */ = {
			isa = XCBuildConfiguration;
			buildSettings = {
				ALWAYS_EMBED_SWIFT_STANDARD_LIBRARIES = YES;
				BUNDLE_LOADER = "$(TEST_HOST)";
				CODE_SIGN_STYLE = Automatic;
				DEVELOPMENT_TEAM = 749K4P2RT3;
				INFOPLIST_FILE = testTests/Info.plist;
				LD_RUNPATH_SEARCH_PATHS = "$(inherited) @executable_path/Frameworks @loader_path/Frameworks";
				PRODUCT_BUNDLE_IDENTIFIER = test.testTests;
				PRODUCT_NAME = "$(TARGET_NAME)";
				SWIFT_VERSION = 4.0;
				TARGETED_DEVICE_FAMILY = "1,2";
				TEST_HOST = "$(BUILT_PRODUCTS_DIR)/test.app/test";
			};
			name = Debug;
		};
		2A23FE5C20D023AE00EDC649 /* Release */ = {
			isa = XCBuildConfiguration;
			buildSettings = {
				ALWAYS_EMBED_SWIFT_STANDARD_LIBRARIES = YES;
				BUNDLE_LOADER = "$(TEST_HOST)";
				CODE_SIGN_STYLE = Automatic;
				DEVELOPMENT_TEAM = 749K4P2RT3;
				INFOPLIST_FILE = testTests/Info.plist;
				LD_RUNPATH_SEARCH_PATHS = "$(inherited) @executable_path/Frameworks @loader_path/Frameworks";
				PRODUCT_BUNDLE_IDENTIFIER = test.testTests;
				PRODUCT_NAME = "$(TARGET_NAME)";
				SWIFT_VERSION = 4.0;
				TARGETED_DEVICE_FAMILY = "1,2";
				TEST_HOST = "$(BUILT_PRODUCTS_DIR)/test.app/test";
			};
			name = Release;
		};
		2A23FE5E20D023AE00EDC649 /* Debug */ = {
			isa = XCBuildConfiguration;
			buildSettings = {
				ALWAYS_EMBED_SWIFT_STANDARD_LIBRARIES = YES;
				CODE_SIGN_STYLE = Automatic;
				DEVELOPMENT_TEAM = 749K4P2RT3;
				INFOPLIST_FILE = testUITests/Info.plist;
				LD_RUNPATH_SEARCH_PATHS = "$(inherited) @executable_path/Frameworks @loader_path/Frameworks";
				PRODUCT_BUNDLE_IDENTIFIER = test.testUITests;
				PRODUCT_NAME = "$(TARGET_NAME)";
				SWIFT_VERSION = 4.0;
				TARGETED_DEVICE_FAMILY = "1,2";
				TEST_TARGET_NAME = test;
			};
			name = Debug;
		};
		2A23FE5F20D023AE00EDC649 /* Release */ = {
			isa = XCBuildConfiguration;
			buildSettings = {
				ALWAYS_EMBED_SWIFT_STANDARD_LIBRARIES = YES;
				CODE_SIGN_STYLE = Automatic;
				DEVELOPMENT_TEAM = 749K4P2RT3;
				INFOPLIST_FILE = testUITests/Info.plist;
				LD_RUNPATH_SEARCH_PATHS = "$(inherited) @executable_path/Frameworks @loader_path/Frameworks";
				PRODUCT_BUNDLE_IDENTIFIER = test.testUITests;
				PRODUCT_NAME = "$(TARGET_NAME)";
				SWIFT_VERSION = 4.0;
				TARGETED_DEVICE_FAMILY = "1,2";
				TEST_TARGET_NAME = test;
			};
			name = Release;
		};
/* End XCBuildConfiguration section */

/* Begin XCConfigurationList section */
		2A23FE2A20D023AE00EDC649 /* Build configuration list for PBXProject "test" */ = {
			isa = XCConfigurationList;
			buildConfigurations = (
				2A23FE5520D023AE00EDC649 /* Debug */,
				2A23FE5620D023AE00EDC649 /* Release */,
			);
			defaultConfigurationIsVisible = 0;
			defaultConfigurationName = Release;
		};
		2A23FE5720D023AE00EDC649 /* Build configuration list for PBXNativeTarget "test" */ = {
			isa = XCConfigurationList;
			buildConfigurations = (
				2A23FE5820D023AE00EDC649 /* Debug */,
				2A23FE5920D023AE00EDC649 /* Release */,
			);
			defaultConfigurationIsVisible = 0;
			defaultConfigurationName = Release;
		};
		2A23FE5A20D023AE00EDC649 /* Build configuration list for PBXNativeTarget "testTests" */ = {
			isa = XCConfigurationList;
			buildConfigurations = (
				2A23FE5B20D023AE00EDC649 /* Debug */,
				2A23FE5C20D023AE00EDC649 /* Release */,
			);
			defaultConfigurationIsVisible = 0;
			defaultConfigurationName = Release;
		};
		2A23FE5D20D023AE00EDC649 /* Build configuration list for PBXNativeTarget "testUITests" */ = {
			isa = XCConfigurationList;
			buildConfigurations = (
				2A23FE5E20D023AE00EDC649 /* Debug */,
				2A23FE5F20D023AE00EDC649 /* Release */,
			);
			defaultConfigurationIsVisible = 0;
			defaultConfigurationName = Release;
		};
/* End XCConfigurationList section */
	};
	rootObject = 2A23FE2720D023AE00EDC649 /* Project object */;
}
